
Microsoft Visual Studio Solution File, Format Version 12.00
# Visual Studio Version 17
VisualStudioVersion = 17.8.34309.116
MinimumVisualStudioVersion = 10.0.40219.1
Project("{FAE04EC0-301F-11D3-BF4B-00C04F79EFBC}") = "openGL", "openGL\openGL.csproj", "{09B7C93F-7D34-4284-9DC0-DCADE3E55FE7}"
EndProject
Global
	GlobalSection(SolutionConfigurationPlatforms) = preSolution
		Debug|Any CPU = Debug|Any CPU
		Release|Any CPU = Release|Any CPU
	EndGlobalSection
	GlobalSection(ProjectConfigurationPlatforms) = postSolution
		{09B7C93F-7D34-4284-9DC0-DCADE3E55FE7}.Debug|Any CPU.ActiveCfg = Debug|Any CPU
		{09B7C93F-7D34-4284-9DC0-DCADE3E55FE7}.Debug|Any CPU.Build.0 = Debug|Any CPU
		{09B7C93F-7D34-4284-9DC0-DCADE3E55FE7}.Release|Any CPU.ActiveCfg = Release|Any CPU
		{09B7C93F-7D34-4284-9DC0-DCADE3E55FE7}.Release|Any CPU.Build.0 = Release|Any CPU
	EndGlobalSection
	GlobalSection(SolutionProperties) = preSolution
		HideSolutionNode = FALSE
	EndGlobalSection
	GlobalSection(ExtensibilityGlobals) = postSolution
		SolutionGuid = {708177D7-4AB8-4EF8-9885-113C2B0FF0CA}
	EndGlobalSection
EndGlobal
